
Microsoft Visual Studio Solution File, Format Version 12.00
# Visual Studio Version 16
VisualStudioVersion = 16.0.29209.62
MinimumVisualStudioVersion = 10.0.40219.1
Project("{FAE04EC0-301F-11D3-BF4B-00C04F79EFBC}") = "Combination", "Combination.csproj", "{6815A0CD-7AF3-4EF8-8759-38F6BB67EE28}"
EndProject
Global
	GlobalSection(SolutionConfigurationPlatforms) = preSolution
		Debug|Any CPU = Debug|Any CPU
		Release|Any CPU = Release|Any CPU
	EndGlobalSection
	GlobalSection(ProjectConfigurationPlatforms) = postSolution
		{6815A0CD-7AF3-4EF8-8759-38F6BB67EE28}.Debug|Any CPU.ActiveCfg = Debug|Any CPU
		{6815A0CD-7AF3-4EF8-8759-38F6BB67EE28}.Debug|Any CPU.Build.0 = Debug|Any CPU
		{6815A0CD-7AF3-4EF8-8759-38F6BB67EE28}.Release|Any CPU.ActiveCfg = Release|Any CPU
		{6815A0CD-7AF3-4EF8-8759-38F6BB67EE28}.Release|Any CPU.Build.0 = Release|Any CPU
	EndGlobalSection
	GlobalSection(SolutionProperties) = preSolution
		HideSolutionNode = FALSE
	EndGlobalSection
	GlobalSection(ExtensibilityGlobals) = postSolution
		SolutionGuid = {00F2B8DA-4C3D-4310-98FE-02D8AE77C7F8}
	EndGlobalSection
EndGlobal
